// !$*UTF8*$!
{
	archiveVersion = 1;
	classes = {
	};
	objectVersion = 55;
	objects = {

/* Begin PBXBuildFile section */
		2895A2E227A9B27F006BFC1D /* CoinRadarApp.swift in Sources */ = {isa = PBXBuildFile; fileRef = 2895A2E127A9B27F006BFC1D /* CoinRadarApp.swift */; };
		2895A2E627A9B281006BFC1D /* Assets.xcassets in Resources */ = {isa = PBXBuildFile; fileRef = 2895A2E527A9B281006BFC1D /* Assets.xcassets */; };
		2895A2E927A9B281006BFC1D /* Preview Assets.xcassets in Resources */ = {isa = PBXBuildFile; fileRef = 2895A2E827A9B281006BFC1D /* Preview Assets.xcassets */; };
		2895A2FA27A9B360006BFC1D /* AppStyle.swift in Sources */ = {isa = PBXBuildFile; fileRef = 2895A2F927A9B360006BFC1D /* AppStyle.swift */; };
		2895A2FC27A9B3B7006BFC1D /* Color.swift in Sources */ = {isa = PBXBuildFile; fileRef = 2895A2FB27A9B3B7006BFC1D /* Color.swift */; };
		2895A2FE27A9B419006BFC1D /* DeviceAttributes.swift in Sources */ = {isa = PBXBuildFile; fileRef = 2895A2FD27A9B419006BFC1D /* DeviceAttributes.swift */; };
		2895A30027A9B754006BFC1D /* Device.swift in Sources */ = {isa = PBXBuildFile; fileRef = 2895A2FF27A9B754006BFC1D /* Device.swift */; };
		2895A30427A9B904006BFC1D /* HomeView.swift in Sources */ = {isa = PBXBuildFile; fileRef = 2895A30327A9B904006BFC1D /* HomeView.swift */; };
		2895A30827A9B9E0006BFC1D /* CircleButton.swift in Sources */ = {isa = PBXBuildFile; fileRef = 2895A30727A9B9E0006BFC1D /* CircleButton.swift */; };
		2895A30B27A9BBCF006BFC1D /* Frame.swift in Sources */ = {isa = PBXBuildFile; fileRef = 2895A30A27A9BBCF006BFC1D /* Frame.swift */; };
		2895A30D27A9BBE7006BFC1D /* View.swift in Sources */ = {isa = PBXBuildFile; fileRef = 2895A30C27A9BBE7006BFC1D /* View.swift */; };
		2895A30F27A9BF45006BFC1D /* CircleButtonAnimation.swift in Sources */ = {isa = PBXBuildFile; fileRef = 2895A30E27A9BF45006BFC1D /* CircleButtonAnimation.swift */; };
		2895A31127A9C6D4006BFC1D /* Readme.md in Resources */ = {isa = PBXBuildFile; fileRef = 2895A31027A9C6D4006BFC1D /* Readme.md */; };
		2895A31327A9C76A006BFC1D /* Coin.swift in Sources */ = {isa = PBXBuildFile; fileRef = 2895A31227A9C76A006BFC1D /* Coin.swift */; };
		2895A31527A9CEAF006BFC1D /* CoinRowView.swift in Sources */ = {isa = PBXBuildFile; fileRef = 2895A31427A9CEAF006BFC1D /* CoinRowView.swift */; };
		2895A31727A9CF51006BFC1D /* PreviewProvider.swift in Sources */ = {isa = PBXBuildFile; fileRef = 2895A31627A9CF51006BFC1D /* PreviewProvider.swift */; };
		2895A31A27A9CFFD006BFC1D /* DeveloperPreview.swift in Sources */ = {isa = PBXBuildFile; fileRef = 2895A31927A9CFFD006BFC1D /* DeveloperPreview.swift */; };
		2895A31C27A9D140006BFC1D /* Double.swift in Sources */ = {isa = PBXBuildFile; fileRef = 2895A31B27A9D140006BFC1D /* Double.swift */; };
		2895A31E27A9D3C1006BFC1D /* HomeViewModel.swift in Sources */ = {isa = PBXBuildFile; fileRef = 2895A31D27A9D3C1006BFC1D /* HomeViewModel.swift */; };
		28A27BBB27AAC98B0075C8D6 /* CoinAPIService.swift in Sources */ = {isa = PBXBuildFile; fileRef = 28A27BBA27AAC98B0075C8D6 /* CoinAPIService.swift */; };
		28A27BBD27AACA7C0075C8D6 /* Resources.swift in Sources */ = {isa = PBXBuildFile; fileRef = 28A27BBC27AACA7C0075C8D6 /* Resources.swift */; };
		28A27BC127AAD85B0075C8D6 /* NetworkManager.swift in Sources */ = {isa = PBXBuildFile; fileRef = 28A27BC027AAD85B0075C8D6 /* NetworkManager.swift */; };
		28A27BC327AADD200075C8D6 /* Errors.swift in Sources */ = {isa = PBXBuildFile; fileRef = 28A27BC227AADD200075C8D6 /* Errors.swift */; };
		28A27BC527AAE4C20075C8D6 /* CoinImageView.swift in Sources */ = {isa = PBXBuildFile; fileRef = 28A27BC427AAE4C20075C8D6 /* CoinImageView.swift */; };
		28A27BC727AAE4E00075C8D6 /* CoinImageViewModel.swift in Sources */ = {isa = PBXBuildFile; fileRef = 28A27BC627AAE4E00075C8D6 /* CoinImageViewModel.swift */; };
		28A27BCA27AAE6920075C8D6 /* CoinImageService.swift in Sources */ = {isa = PBXBuildFile; fileRef = 28A27BC927AAE6920075C8D6 /* CoinImageService.swift */; };
		28A27BCC27AAF1420075C8D6 /* LocalFileManager.swift in Sources */ = {isa = PBXBuildFile; fileRef = 28A27BCB27AAF1420075C8D6 /* LocalFileManager.swift */; };
/* End PBXBuildFile section */

/* Begin PBXFileReference section */
		2895A2DE27A9B27F006BFC1D /* Coin Radar.app */ = {isa = PBXFileReference; explicitFileType = wrapper.application; includeInIndex = 0; path = "Coin Radar.app"; sourceTree = BUILT_PRODUCTS_DIR; };
		2895A2E127A9B27F006BFC1D /* CoinRadarApp.swift */ = {isa = PBXFileReference; lastKnownFileType = sourcecode.swift; path = CoinRadarApp.swift; sourceTree = "<group>"; };
		2895A2E527A9B281006BFC1D /* Assets.xcassets */ = {isa = PBXFileReference; lastKnownFileType = folder.assetcatalog; path = Assets.xcassets; sourceTree = "<group>"; };
		2895A2E827A9B281006BFC1D /* Preview Assets.xcassets */ = {isa = PBXFileReference; lastKnownFileType = folder.assetcatalog; path = "Preview Assets.xcassets"; sourceTree = "<group>"; };
		2895A2F927A9B360006BFC1D /* AppStyle.swift */ = {isa = PBXFileReference; lastKnownFileType = sourcecode.swift; path = AppStyle.swift; sourceTree = "<group>"; };
		2895A2FB27A9B3B7006BFC1D /* Color.swift */ = {isa = PBXFileReference; lastKnownFileType = sourcecode.swift; path = Color.swift; sourceTree = "<group>"; };
		2895A2FD27A9B419006BFC1D /* DeviceAttributes.swift */ = {isa = PBXFileReference; lastKnownFileType = sourcecode.swift; path = DeviceAttributes.swift; sourceTree = "<group>"; };
		2895A2FF27A9B754006BFC1D /* Device.swift */ = {isa = PBXFileReference; lastKnownFileType = sourcecode.swift; path = Device.swift; sourceTree = "<group>"; };
		2895A30327A9B904006BFC1D /* HomeView.swift */ = {isa = PBXFileReference; lastKnownFileType = sourcecode.swift; path = HomeView.swift; sourceTree = "<group>"; };
		2895A30727A9B9E0006BFC1D /* CircleButton.swift */ = {isa = PBXFileReference; lastKnownFileType = sourcecode.swift; path = CircleButton.swift; sourceTree = "<group>"; };
		2895A30A27A9BBCF006BFC1D /* Frame.swift */ = {isa = PBXFileReference; lastKnownFileType = sourcecode.swift; path = Frame.swift; sourceTree = "<group>"; };
		2895A30C27A9BBE7006BFC1D /* View.swift */ = {isa = PBXFileReference; lastKnownFileType = sourcecode.swift; path = View.swift; sourceTree = "<group>"; };
		2895A30E27A9BF45006BFC1D /* CircleButtonAnimation.swift */ = {isa = PBXFileReference; lastKnownFileType = sourcecode.swift; path = CircleButtonAnimation.swift; sourceTree = "<group>"; };
		2895A31027A9C6D4006BFC1D /* Readme.md */ = {isa = PBXFileReference; lastKnownFileType = net.daringfireball.markdown; path = Readme.md; sourceTree = "<group>"; };
		2895A31227A9C76A006BFC1D /* Coin.swift */ = {isa = PBXFileReference; lastKnownFileType = sourcecode.swift; path = Coin.swift; sourceTree = "<group>"; };
		2895A31427A9CEAF006BFC1D /* CoinRowView.swift */ = {isa = PBXFileReference; lastKnownFileType = sourcecode.swift; path = CoinRowView.swift; sourceTree = "<group>"; };
		2895A31627A9CF51006BFC1D /* PreviewProvider.swift */ = {isa = PBXFileReference; lastKnownFileType = sourcecode.swift; path = PreviewProvider.swift; sourceTree = "<group>"; };
		2895A31927A9CFFD006BFC1D /* DeveloperPreview.swift */ = {isa = PBXFileReference; lastKnownFileType = sourcecode.swift; path = DeveloperPreview.swift; sourceTree = "<group>"; };
		2895A31B27A9D140006BFC1D /* Double.swift */ = {isa = PBXFileReference; lastKnownFileType = sourcecode.swift; path = Double.swift; sourceTree = "<group>"; };
		2895A31D27A9D3C1006BFC1D /* HomeViewModel.swift */ = {isa = PBXFileReference; lastKnownFileType = sourcecode.swift; path = HomeViewModel.swift; sourceTree = "<group>"; };
		28A27BBA27AAC98B0075C8D6 /* CoinAPIService.swift */ = {isa = PBXFileReference; lastKnownFileType = sourcecode.swift; path = CoinAPIService.swift; sourceTree = "<group>"; };
		28A27BBC27AACA7C0075C8D6 /* Resources.swift */ = {isa = PBXFileReference; lastKnownFileType = sourcecode.swift; path = Resources.swift; sourceTree = "<group>"; };
		28A27BC027AAD85B0075C8D6 /* NetworkManager.swift */ = {isa = PBXFileReference; lastKnownFileType = sourcecode.swift; path = NetworkManager.swift; sourceTree = "<group>"; };
		28A27BC227AADD200075C8D6 /* Errors.swift */ = {isa = PBXFileReference; lastKnownFileType = sourcecode.swift; path = Errors.swift; sourceTree = "<group>"; };
		28A27BC427AAE4C20075C8D6 /* CoinImageView.swift */ = {isa = PBXFileReference; lastKnownFileType = sourcecode.swift; path = CoinImageView.swift; sourceTree = "<group>"; };
		28A27BC627AAE4E00075C8D6 /* CoinImageViewModel.swift */ = {isa = PBXFileReference; lastKnownFileType = sourcecode.swift; path = CoinImageViewModel.swift; sourceTree = "<group>"; };
		28A27BC927AAE6920075C8D6 /* CoinImageService.swift */ = {isa = PBXFileReference; lastKnownFileType = sourcecode.swift; path = CoinImageService.swift; sourceTree = "<group>"; };
		28A27BCB27AAF1420075C8D6 /* LocalFileManager.swift */ = {isa = PBXFileReference; lastKnownFileType = sourcecode.swift; path = LocalFileManager.swift; sourceTree = "<group>"; };
/* End PBXFileReference section */

/* Begin PBXFrameworksBuildPhase section */
		2895A2DB27A9B27F006BFC1D /* Frameworks */ = {
			isa = PBXFrameworksBuildPhase;
			buildActionMask = 2147483647;
			files = (
			);
			runOnlyForDeploymentPostprocessing = 0;
		};
/* End PBXFrameworksBuildPhase section */

/* Begin PBXGroup section */
		2895A2D527A9B27F006BFC1D = {
			isa = PBXGroup;
			children = (
				2895A31027A9C6D4006BFC1D /* Readme.md */,
				2895A2E027A9B27F006BFC1D /* CoinRadar */,
				2895A2DF27A9B27F006BFC1D /* Products */,
			);
			sourceTree = "<group>";
		};
		2895A2DF27A9B27F006BFC1D /* Products */ = {
			isa = PBXGroup;
			children = (
				2895A2DE27A9B27F006BFC1D /* Coin Radar.app */,
			);
			name = Products;
			sourceTree = "<group>";
		};
		2895A2E027A9B27F006BFC1D /* CoinRadar */ = {
			isa = PBXGroup;
			children = (
				2895A2F327A9B2B9006BFC1D /* Model */,
				2895A2F227A9B2B5006BFC1D /* View */,
				2895A2F127A9B2AB006BFC1D /* ViewModels */,
				2895A2F427A9B2E2006BFC1D /* Repositories */,
				28A27BC827AAE67A0075C8D6 /* Services */,
				2895A2F027A9B2A4006BFC1D /* Resources */,
				2895A2EF27A9B29F006BFC1D /* Utils */,
				2895A2E727A9B281006BFC1D /* Preview Content */,
			);
			path = CoinRadar;
			sourceTree = "<group>";
		};
		2895A2E727A9B281006BFC1D /* Preview Content */ = {
			isa = PBXGroup;
			children = (
				2895A2E827A9B281006BFC1D /* Preview Assets.xcassets */,
			);
			path = "Preview Content";
			sourceTree = "<group>";
		};
		2895A2EF27A9B29F006BFC1D /* Utils */ = {
			isa = PBXGroup;
			children = (
				2895A31827A9CFCC006BFC1D /* Singletons */,
				2895A30927A9BBC1006BFC1D /* Modifiers */,
				2895A2F827A9B353006BFC1D /* Globals */,
				2895A2F727A9B34F006BFC1D /* Enums */,
				2895A2F627A9B316006BFC1D /* Extensions */,
			);
			path = Utils;
			sourceTree = "<group>";
		};
		2895A2F027A9B2A4006BFC1D /* Resources */ = {
			isa = PBXGroup;
			children = (
				2895A2E527A9B281006BFC1D /* Assets.xcassets */,
			);
			path = Resources;
			sourceTree = "<group>";
		};
		2895A2F127A9B2AB006BFC1D /* ViewModels */ = {
			isa = PBXGroup;
			children = (
				2895A30227A9B8F7006BFC1D /* Home */,
				2895A30627A9B9C6006BFC1D /* Components */,
			);
			path = ViewModels;
			sourceTree = "<group>";
		};
		2895A2F227A9B2B5006BFC1D /* View */ = {
			isa = PBXGroup;
			children = (
				2895A2E127A9B27F006BFC1D /* CoinRadarApp.swift */,
				2895A30127A9B8EE006BFC1D /* Home */,
				2895A30527A9B9B6006BFC1D /* Components */,
			);
			path = View;
			sourceTree = "<group>";
		};
		2895A2F327A9B2B9006BFC1D /* Model */ = {
			isa = PBXGroup;
			children = (
				2895A31227A9C76A006BFC1D /* Coin.swift */,
			);
			path = Model;
			sourceTree = "<group>";
		};
		2895A2F427A9B2E2006BFC1D /* Repositories */ = {
			isa = PBXGroup;
			children = (
			);
			path = Repositories;
			sourceTree = "<group>";
		};
		2895A2F527A9B2EE006BFC1D /* APIServices */ = {
			isa = PBXGroup;
			children = (
				28A27BBA27AAC98B0075C8D6 /* CoinAPIService.swift */,
				28A27BC927AAE6920075C8D6 /* CoinImageService.swift */,
			);
			path = APIServices;
			sourceTree = "<group>";
		};
		2895A2F627A9B316006BFC1D /* Extensions */ = {
			isa = PBXGroup;
			children = (
				2895A2FB27A9B3B7006BFC1D /* Color.swift */,
				2895A30C27A9BBE7006BFC1D /* View.swift */,
				2895A31627A9CF51006BFC1D /* PreviewProvider.swift */,
				2895A31B27A9D140006BFC1D /* Double.swift */,
			);
			path = Extensions;
			sourceTree = "<group>";
		};
		2895A2F727A9B34F006BFC1D /* Enums */ = {
			isa = PBXGroup;
			children = (
				2895A2F927A9B360006BFC1D /* AppStyle.swift */,
				2895A2FF27A9B754006BFC1D /* Device.swift */,
				28A27BC227AADD200075C8D6 /* Errors.swift */,
			);
			path = Enums;
			sourceTree = "<group>";
		};
		2895A2F827A9B353006BFC1D /* Globals */ = {
			isa = PBXGroup;
			children = (
				2895A2FD27A9B419006BFC1D /* DeviceAttributes.swift */,
			);
			path = Globals;
			sourceTree = "<group>";
		};
		2895A30127A9B8EE006BFC1D /* Home */ = {
			isa = PBXGroup;
			children = (
				2895A30327A9B904006BFC1D /* HomeView.swift */,
				2895A31427A9CEAF006BFC1D /* CoinRowView.swift */,
			);
			path = Home;
			sourceTree = "<group>";
		};
		2895A30227A9B8F7006BFC1D /* Home */ = {
			isa = PBXGroup;
			children = (
				2895A31D27A9D3C1006BFC1D /* HomeViewModel.swift */,
			);
			path = Home;
			sourceTree = "<group>";
		};
		2895A30527A9B9B6006BFC1D /* Components */ = {
			isa = PBXGroup;
			children = (
				2895A30727A9B9E0006BFC1D /* CircleButton.swift */,
				2895A30E27A9BF45006BFC1D /* CircleButtonAnimation.swift */,
				28A27BC427AAE4C20075C8D6 /* CoinImageView.swift */,
			);
			path = Components;
			sourceTree = "<group>";
		};
		2895A30627A9B9C6006BFC1D /* Components */ = {
			isa = PBXGroup;
			children = (
				28A27BC627AAE4E00075C8D6 /* CoinImageViewModel.swift */,
			);
			path = Components;
			sourceTree = "<group>";
		};
		2895A30927A9BBC1006BFC1D /* Modifiers */ = {
			isa = PBXGroup;
			children = (
				2895A30A27A9BBCF006BFC1D /* Frame.swift */,
			);
			path = Modifiers;
			sourceTree = "<group>";
		};
		2895A31827A9CFCC006BFC1D /* Singletons */ = {
			isa = PBXGroup;
			children = (
				2895A31927A9CFFD006BFC1D /* DeveloperPreview.swift */,
				28A27BBC27AACA7C0075C8D6 /* Resources.swift */,
				28A27BC027AAD85B0075C8D6 /* NetworkManager.swift */,
				28A27BCB27AAF1420075C8D6 /* LocalFileManager.swift */,
			);
			path = Singletons;
			sourceTree = "<group>";
		};
		28A27BC827AAE67A0075C8D6 /* Services */ = {
			isa = PBXGroup;
			children = (
				2895A2F527A9B2EE006BFC1D /* APIServices */,
			);
			path = Services;
			sourceTree = "<group>";
		};
/* End PBXGroup section */

/* Begin PBXNativeTarget section */
		2895A2DD27A9B27F006BFC1D /* CoinRadar */ = {
			isa = PBXNativeTarget;
			buildConfigurationList = 2895A2EC27A9B281006BFC1D /* Build configuration list for PBXNativeTarget "CoinRadar" */;
			buildPhases = (
				2895A2DA27A9B27F006BFC1D /* Sources */,
				2895A2DB27A9B27F006BFC1D /* Frameworks */,
				2895A2DC27A9B27F006BFC1D /* Resources */,
			);
			buildRules = (
			);
			dependencies = (
			);
			name = CoinRadar;
			productName = CoinRadar;
			productReference = 2895A2DE27A9B27F006BFC1D /* Coin Radar.app */;
			productType = "com.apple.product-type.application";
		};
/* End PBXNativeTarget section */

/* Begin PBXProject section */
		2895A2D627A9B27F006BFC1D /* Project object */ = {
			isa = PBXProject;
			attributes = {
				BuildIndependentTargetsInParallel = 1;
				LastSwiftUpdateCheck = 1320;
				LastUpgradeCheck = 1320;
				TargetAttributes = {
					2895A2DD27A9B27F006BFC1D = {
						CreatedOnToolsVersion = 13.2.1;
					};
				};
			};
			buildConfigurationList = 2895A2D927A9B27F006BFC1D /* Build configuration list for PBXProject "CoinRadar" */;
			compatibilityVersion = "Xcode 13.0";
			developmentRegion = en;
			hasScannedForEncodings = 0;
			knownRegions = (
				en,
				Base,
			);
			mainGroup = 2895A2D527A9B27F006BFC1D;
			productRefGroup = 2895A2DF27A9B27F006BFC1D /* Products */;
			projectDirPath = "";
			projectRoot = "";
			targets = (
				2895A2DD27A9B27F006BFC1D /* CoinRadar */,
			);
		};
/* End PBXProject section */

/* Begin PBXResourcesBuildPhase section */
		2895A2DC27A9B27F006BFC1D /* Resources */ = {
			isa = PBXResourcesBuildPhase;
			buildActionMask = 2147483647;
			files = (
				2895A2E927A9B281006BFC1D /* Preview Assets.xcassets in Resources */,
				2895A2E627A9B281006BFC1D /* Assets.xcassets in Resources */,
				2895A31127A9C6D4006BFC1D /* Readme.md in Resources */,
			);
			runOnlyForDeploymentPostprocessing = 0;
		};
/* End PBXResourcesBuildPhase section */

/* Begin PBXSourcesBuildPhase section */
		2895A2DA27A9B27F006BFC1D /* Sources */ = {
			isa = PBXSourcesBuildPhase;
			buildActionMask = 2147483647;
			files = (
				2895A30B27A9BBCF006BFC1D /* Frame.swift in Sources */,
				2895A31527A9CEAF006BFC1D /* CoinRowView.swift in Sources */,
				2895A31C27A9D140006BFC1D /* Double.swift in Sources */,
				28A27BBB27AAC98B0075C8D6 /* CoinAPIService.swift in Sources */,
				2895A31E27A9D3C1006BFC1D /* HomeViewModel.swift in Sources */,
				28A27BC527AAE4C20075C8D6 /* CoinImageView.swift in Sources */,
				2895A2FA27A9B360006BFC1D /* AppStyle.swift in Sources */,
				2895A30D27A9BBE7006BFC1D /* View.swift in Sources */,
				2895A30427A9B904006BFC1D /* HomeView.swift in Sources */,
				2895A31A27A9CFFD006BFC1D /* DeveloperPreview.swift in Sources */,
				2895A31727A9CF51006BFC1D /* PreviewProvider.swift in Sources */,
				2895A30827A9B9E0006BFC1D /* CircleButton.swift in Sources */,
				28A27BC127AAD85B0075C8D6 /* NetworkManager.swift in Sources */,
				2895A30F27A9BF45006BFC1D /* CircleButtonAnimation.swift in Sources */,
				2895A31327A9C76A006BFC1D /* Coin.swift in Sources */,
				2895A2FC27A9B3B7006BFC1D /* Color.swift in Sources */,
				2895A30027A9B754006BFC1D /* Device.swift in Sources */,
				28A27BC327AADD200075C8D6 /* Errors.swift in Sources */,
				28A27BBD27AACA7C0075C8D6 /* Resources.swift in Sources */,
				28A27BCA27AAE6920075C8D6 /* CoinImageService.swift in Sources */,
				28A27BC727AAE4E00075C8D6 /* CoinImageViewModel.swift in Sources */,
				2895A2FE27A9B419006BFC1D /* DeviceAttributes.swift in Sources */,
				2895A2E227A9B27F006BFC1D /* CoinRadarApp.swift in Sources */,
				28A27BCC27AAF1420075C8D6 /* LocalFileManager.swift in Sources */,
			);
			runOnlyForDeploymentPostprocessing = 0;
		};
/* End PBXSourcesBuildPhase section */

/* Begin XCBuildConfiguration section */
		2895A2EA27A9B281006BFC1D /* Debug */ = {
			isa = XCBuildConfiguration;
			buildSettings = {
				ALWAYS_SEARCH_USER_PATHS = NO;
				CLANG_ANALYZER_NONNULL = YES;
				CLANG_ANALYZER_NUMBER_OBJECT_CONVERSION = YES_AGGRESSIVE;
				CLANG_CXX_LANGUAGE_STANDARD = "gnu++17";
				CLANG_CXX_LIBRARY = "libc++";
				CLANG_ENABLE_MODULES = YES;
				CLANG_ENABLE_OBJC_ARC = YES;
				CLANG_ENABLE_OBJC_WEAK = YES;
				CLANG_WARN_BLOCK_CAPTURE_AUTORELEASING = YES;
				CLANG_WARN_BOOL_CONVERSION = YES;
				CLANG_WARN_COMMA = YES;
				CLANG_WARN_CONSTANT_CONVERSION = YES;
				CLANG_WARN_DEPRECATED_OBJC_IMPLEMENTATIONS = YES;
				CLANG_WARN_DIRECT_OBJC_ISA_USAGE = YES_ERROR;
				CLANG_WARN_DOCUMENTATION_COMMENTS = YES;
				CLANG_WARN_EMPTY_BODY = YES;
				CLANG_WARN_ENUM_CONVERSION = YES;
				CLANG_WARN_INFINITE_RECURSION = YES;
				CLANG_WARN_INT_CONVERSION = YES;
				CLANG_WARN_NON_LITERAL_NULL_CONVERSION = YES;
				CLANG_WARN_OBJC_IMPLICIT_RETAIN_SELF = YES;
				CLANG_WARN_OBJC_LITERAL_CONVERSION = YES;
				CLANG_WARN_OBJC_ROOT_CLASS = YES_ERROR;
				CLANG_WARN_QUOTED_INCLUDE_IN_FRAMEWORK_HEADER = YES;
				CLANG_WARN_RANGE_LOOP_ANALYSIS = YES;
				CLANG_WARN_STRICT_PROTOTYPES = YES;
				CLANG_WARN_SUSPICIOUS_MOVE = YES;
				CLANG_WARN_UNGUARDED_AVAILABILITY = YES_AGGRESSIVE;
				CLANG_WARN_UNREACHABLE_CODE = YES;
				CLANG_WARN__DUPLICATE_METHOD_MATCH = YES;
				COPY_PHASE_STRIP = NO;
				DEBUG_INFORMATION_FORMAT = dwarf;
				ENABLE_STRICT_OBJC_MSGSEND = YES;
				ENABLE_TESTABILITY = YES;
				GCC_C_LANGUAGE_STANDARD = gnu11;
				GCC_DYNAMIC_NO_PIC = NO;
				GCC_NO_COMMON_BLOCKS = YES;
				GCC_OPTIMIZATION_LEVEL = 0;
				GCC_PREPROCESSOR_DEFINITIONS = (
					"DEBUG=1",
					"$(inherited)",
				);
				GCC_WARN_64_TO_32_BIT_CONVERSION = YES;
				GCC_WARN_ABOUT_RETURN_TYPE = YES_ERROR;
				GCC_WARN_UNDECLARED_SELECTOR = YES;
				GCC_WARN_UNINITIALIZED_AUTOS = YES_AGGRESSIVE;
				GCC_WARN_UNUSED_FUNCTION = YES;
				GCC_WARN_UNUSED_VARIABLE = YES;
				IPHONEOS_DEPLOYMENT_TARGET = 15.2;
				MTL_ENABLE_DEBUG_INFO = INCLUDE_SOURCE;
				MTL_FAST_MATH = YES;
				ONLY_ACTIVE_ARCH = YES;
				SDKROOT = iphoneos;
				SWIFT_ACTIVE_COMPILATION_CONDITIONS = DEBUG;
				SWIFT_OPTIMIZATION_LEVEL = "-Onone";
			};
			name = Debug;
		};
		2895A2EB27A9B281006BFC1D /* Release */ = {
			isa = XCBuildConfiguration;
			buildSettings = {
				ALWAYS_SEARCH_USER_PATHS = NO;
				CLANG_ANALYZER_NONNULL = YES;
				CLANG_ANALYZER_NUMBER_OBJECT_CONVERSION = YES_AGGRESSIVE;
				CLANG_CXX_LANGUAGE_STANDARD = "gnu++17";
				CLANG_CXX_LIBRARY = "libc++";
				CLANG_ENABLE_MODULES = YES;
				CLANG_ENABLE_OBJC_ARC = YES;
				CLANG_ENABLE_OBJC_WEAK = YES;
				CLANG_WARN_BLOCK_CAPTURE_AUTORELEASING = YES;
				CLANG_WARN_BOOL_CONVERSION = YES;
				CLANG_WARN_COMMA = YES;
				CLANG_WARN_CONSTANT_CONVERSION = YES;
				CLANG_WARN_DEPRECATED_OBJC_IMPLEMENTATIONS = YES;
				CLANG_WARN_DIRECT_OBJC_ISA_USAGE = YES_ERROR;
				CLANG_WARN_DOCUMENTATION_COMMENTS = YES;
				CLANG_WARN_EMPTY_BODY = YES;
				CLANG_WARN_ENUM_CONVERSION = YES;
				CLANG_WARN_INFINITE_RECURSION = YES;
				CLANG_WARN_INT_CONVERSION = YES;
				CLANG_WARN_NON_LITERAL_NULL_CONVERSION = YES;
				CLANG_WARN_OBJC_IMPLICIT_RETAIN_SELF = YES;
				CLANG_WARN_OBJC_LITERAL_CONVERSION = YES;
				CLANG_WARN_OBJC_ROOT_CLASS = YES_ERROR;
				CLANG_WARN_QUOTED_INCLUDE_IN_FRAMEWORK_HEADER = YES;
				CLANG_WARN_RANGE_LOOP_ANALYSIS = YES;
				CLANG_WARN_STRICT_PROTOTYPES = YES;
				CLANG_WARN_SUSPICIOUS_MOVE = YES;
				CLANG_WARN_UNGUARDED_AVAILABILITY = YES_AGGRESSIVE;
				CLANG_WARN_UNREACHABLE_CODE = YES;
				CLANG_WARN__DUPLICATE_METHOD_MATCH = YES;
				COPY_PHASE_STRIP = NO;
				DEBUG_INFORMATION_FORMAT = "dwarf-with-dsym";
				ENABLE_NS_ASSERTIONS = NO;
				ENABLE_STRICT_OBJC_MSGSEND = YES;
				GCC_C_LANGUAGE_STANDARD = gnu11;
				GCC_NO_COMMON_BLOCKS = YES;
				GCC_WARN_64_TO_32_BIT_CONVERSION = YES;
				GCC_WARN_ABOUT_RETURN_TYPE = YES_ERROR;
				GCC_WARN_UNDECLARED_SELECTOR = YES;
				GCC_WARN_UNINITIALIZED_AUTOS = YES_AGGRESSIVE;
				GCC_WARN_UNUSED_FUNCTION = YES;
				GCC_WARN_UNUSED_VARIABLE = YES;
				IPHONEOS_DEPLOYMENT_TARGET = 15.2;
				MTL_ENABLE_DEBUG_INFO = NO;
				MTL_FAST_MATH = YES;
				SDKROOT = iphoneos;
				SWIFT_COMPILATION_MODE = wholemodule;
				SWIFT_OPTIMIZATION_LEVEL = "-O";
				VALIDATE_PRODUCT = YES;
			};
			name = Release;
		};
		2895A2ED27A9B281006BFC1D /* Debug */ = {
			isa = XCBuildConfiguration;
			buildSettings = {
				ASSETCATALOG_COMPILER_APPICON_NAME = AppIcon;
				ASSETCATALOG_COMPILER_GLOBAL_ACCENT_COLOR_NAME = AccentColor;
				CODE_SIGN_STYLE = Automatic;
				CURRENT_PROJECT_VERSION = 1;
				DEVELOPMENT_ASSET_PATHS = "\"CoinRadar/Preview Content\"";
				DEVELOPMENT_TEAM = M4K2UP2N9Q;
				ENABLE_PREVIEWS = YES;
				GENERATE_INFOPLIST_FILE = YES;
				INFOPLIST_KEY_UIApplicationSceneManifest_Generation = YES;
				INFOPLIST_KEY_UIApplicationSupportsIndirectInputEvents = YES;
				INFOPLIST_KEY_UILaunchScreen_Generation = YES;
				INFOPLIST_KEY_UISupportedInterfaceOrientations_iPad = UIInterfaceOrientationPortrait;
				INFOPLIST_KEY_UISupportedInterfaceOrientations_iPhone = "UIInterfaceOrientationPortrait UIInterfaceOrientationLandscapeLeft UIInterfaceOrientationLandscapeRight";
				LD_RUNPATH_SEARCH_PATHS = (
					"$(inherited)",
					"@executable_path/Frameworks",
				);
				MARKETING_VERSION = 1.0;
				PRODUCT_BUNDLE_IDENTIFIER = com.ar.z.CoinRadar;
				PRODUCT_NAME = "Coin Radar";
				SWIFT_EMIT_LOC_STRINGS = YES;
				SWIFT_VERSION = 5.0;
				TARGETED_DEVICE_FAMILY = "1,2";
			};
			name = Debug;
		};
		2895A2EE27A9B281006BFC1D /* Release */ = {
			isa = XCBuildConfiguration;
			buildSettings = {
				ASSETCATALOG_COMPILER_APPICON_NAME = AppIcon;
				ASSETCATALOG_COMPILER_GLOBAL_ACCENT_COLOR_NAME = AccentColor;
				CODE_SIGN_STYLE = Automatic;
				CURRENT_PROJECT_VERSION = 1;
				DEVELOPMENT_ASSET_PATHS = "\"CoinRadar/Preview Content\"";
				DEVELOPMENT_TEAM = M4K2UP2N9Q;
				ENABLE_PREVIEWS = YES;
				GENERATE_INFOPLIST_FILE = YES;
				INFOPLIST_KEY_UIApplicationSceneManifest_Generation = YES;
				INFOPLIST_KEY_UIApplicationSupportsIndirectInputEvents = YES;
				INFOPLIST_KEY_UILaunchScreen_Generation = YES;
				INFOPLIST_KEY_UISupportedInterfaceOrientations_iPad = UIInterfaceOrientationPortrait;
				INFOPLIST_KEY_UISupportedInterfaceOrientations_iPhone = "UIInterfaceOrientationPortrait UIInterfaceOrientationLandscapeLeft UIInterfaceOrientationLandscapeRight";
				LD_RUNPATH_SEARCH_PATHS = (
					"$(inherited)",
					"@executable_path/Frameworks",
				);
				MARKETING_VERSION = 1.0;
				PRODUCT_BUNDLE_IDENTIFIER = com.ar.z.CoinRadar;
				PRODUCT_NAME = "Coin Radar";
				SWIFT_EMIT_LOC_STRINGS = YES;
				SWIFT_VERSION = 5.0;
				TARGETED_DEVICE_FAMILY = "1,2";
			};
			name = Release;
		};
/* End XCBuildConfiguration section */

/* Begin XCConfigurationList section */
		2895A2D927A9B27F006BFC1D /* Build configuration list for PBXProject "CoinRadar" */ = {
			isa = XCConfigurationList;
			buildConfigurations = (
				2895A2EA27A9B281006BFC1D /* Debug */,
				2895A2EB27A9B281006BFC1D /* Release */,
			);
			defaultConfigurationIsVisible = 0;
			defaultConfigurationName = Release;
		};
		2895A2EC27A9B281006BFC1D /* Build configuration list for PBXNativeTarget "CoinRadar" */ = {
			isa = XCConfigurationList;
			buildConfigurations = (
				2895A2ED27A9B281006BFC1D /* Debug */,
				2895A2EE27A9B281006BFC1D /* Release */,
			);
			defaultConfigurationIsVisible = 0;
			defaultConfigurationName = Release;
		};
/* End XCConfigurationList section */
	};
	rootObject = 2895A2D627A9B27F006BFC1D /* Project object */;
}
